
Microsoft Visual Studio Solution File, Format Version 12.00
# Visual Studio 2013
VisualStudioVersion = 12.0.21005.1
MinimumVisualStudioVersion = 10.0.40219.1
Project("{FAE04EC0-301F-11D3-BF4B-00C04F79EFBC}") = "Penneo", "Penneo\Penneo.csproj", "{0F44F248-97DA-49E2-BEE6-8215B0A4DEAB}"
EndProject
Project("{FAE04EC0-301F-11D3-BF4B-00C04F79EFBC}") = "PenneoTests", "PenneoTests\PenneoTests.csproj", "{63CE9C40-6843-41B6-9DFE-1400F7AD880B}"
EndProject
Global
	GlobalSection(SolutionConfigurationPlatforms) = preSolution
		Debug|Any CPU = Debug|Any CPU
		Release|Any CPU = Release|Any CPU
	EndGlobalSection
	GlobalSection(ProjectConfigurationPlatforms) = postSolution
		{0F44F248-97DA-49E2-BEE6-8215B0A4DEAB}.Debug|Any CPU.ActiveCfg = Debug|Any CPU
		{0F44F248-97DA-49E2-BEE6-8215B0A4DEAB}.Debug|Any CPU.Build.0 = Debug|Any CPU
		{0F44F248-97DA-49E2-BEE6-8215B0A4DEAB}.Release|Any CPU.ActiveCfg = Release|Any CPU
		{0F44F248-97DA-49E2-BEE6-8215B0A4DEAB}.Release|Any CPU.Build.0 = Release|Any CPU
		{63CE9C40-6843-41B6-9DFE-1400F7AD880B}.Debug|Any CPU.ActiveCfg = Debug|Any CPU
		{63CE9C40-6843-41B6-9DFE-1400F7AD880B}.Debug|Any CPU.Build.0 = Debug|Any CPU
		{63CE9C40-6843-41B6-9DFE-1400F7AD880B}.Release|Any CPU.ActiveCfg = Release|Any CPU
		{63CE9C40-6843-41B6-9DFE-1400F7AD880B}.Release|Any CPU.Build.0 = Release|Any CPU
		{50387542-E706-4123-9B7D-C103BCA0DF21}.Debug|Any CPU.ActiveCfg = Debug|Any CPU
		{50387542-E706-4123-9B7D-C103BCA0DF21}.Debug|Any CPU.Build.0 = Debug|Any CPU
		{50387542-E706-4123-9B7D-C103BCA0DF21}.Release|Any CPU.ActiveCfg = Release|Any CPU
		{50387542-E706-4123-9B7D-C103BCA0DF21}.Release|Any CPU.Build.0 = Release|Any CPU
	EndGlobalSection
	GlobalSection(SolutionProperties) = preSolution
		HideSolutionNode = FALSE
	EndGlobalSection
EndGlobal
